
Microsoft Visual Studio Solution File, Format Version 12.00
# Visual Studio Version 17
VisualStudioVersion = 17.13.35931.197 d17.13
MinimumVisualStudioVersion = 10.0.40219.1
Project("{FAE04EC0-301F-11D3-BF4B-00C04F79EFBC}") = "EasyMediator", "EasyMediator\EasyMediator.csproj", "{DBBB4877-71C8-4B42-BDF7-D63C0803E325}"
EndProject
Global
	GlobalSection(SolutionConfigurationPlatforms) = preSolution
		Debug|Any CPU = Debug|Any CPU
		Release|Any CPU = Release|Any CPU
	EndGlobalSection
	GlobalSection(ProjectConfigurationPlatforms) = postSolution
		{DBBB4877-71C8-4B42-BDF7-D63C0803E325}.Debug|Any CPU.ActiveCfg = Debug|Any CPU
		{DBBB4877-71C8-4B42-BDF7-D63C0803E325}.Debug|Any CPU.Build.0 = Debug|Any CPU
		{DBBB4877-71C8-4B42-BDF7-D63C0803E325}.Release|Any CPU.ActiveCfg = Release|Any CPU
		{DBBB4877-71C8-4B42-BDF7-D63C0803E325}.Release|Any CPU.Build.0 = Release|Any CPU
	EndGlobalSection
	GlobalSection(SolutionProperties) = preSolution
		HideSolutionNode = FALSE
	EndGlobalSection
	GlobalSection(ExtensibilityGlobals) = postSolution
		SolutionGuid = {8C256B0F-F0FC-421D-A4E2-66B321A76F59}
	EndGlobalSection
EndGlobal
